
Microsoft Visual Studio Solution File, Format Version 12.00
# Visual Studio Version 16
VisualStudioVersion = 16.0.31624.102
MinimumVisualStudioVersion = 10.0.40219.1
Project("{8BC9CEB8-8B4A-11D0-8D11-00A0C91BC942}") = "ООП 3.2", "ООП 3.2.vcxproj", "{05F5C7AB-CC9D-4D21-AA88-7DDEA2C1AC1C}"
EndProject
Global
	GlobalSection(SolutionConfigurationPlatforms) = preSolution
		Debug|x64 = Debug|x64
		Debug|x86 = Debug|x86
		Release|x64 = Release|x64
		Release|x86 = Release|x86
	EndGlobalSection
	GlobalSection(ProjectConfigurationPlatforms) = postSolution
		{05F5C7AB-CC9D-4D21-AA88-7DDEA2C1AC1C}.Debug|x64.ActiveCfg = Debug|x64
		{05F5C7AB-CC9D-4D21-AA88-7DDEA2C1AC1C}.Debug|x64.Build.0 = Debug|x64
		{05F5C7AB-CC9D-4D21-AA88-7DDEA2C1AC1C}.Debug|x86.ActiveCfg = Debug|Win32
		{05F5C7AB-CC9D-4D21-AA88-7DDEA2C1AC1C}.Debug|x86.Build.0 = Debug|Win32
		{05F5C7AB-CC9D-4D21-AA88-7DDEA2C1AC1C}.Release|x64.ActiveCfg = Release|x64
		{05F5C7AB-CC9D-4D21-AA88-7DDEA2C1AC1C}.Release|x64.Build.0 = Release|x64
		{05F5C7AB-CC9D-4D21-AA88-7DDEA2C1AC1C}.Release|x86.ActiveCfg = Release|Win32
		{05F5C7AB-CC9D-4D21-AA88-7DDEA2C1AC1C}.Release|x86.Build.0 = Release|Win32
	EndGlobalSection
	GlobalSection(SolutionProperties) = preSolution
		HideSolutionNode = FALSE
	EndGlobalSection
	GlobalSection(ExtensibilityGlobals) = postSolution
		SolutionGuid = {1E3DCD47-3643-4E0F-B935-66B72263A7F6}
	EndGlobalSection
EndGlobal
